
Microsoft Visual Studio Solution File, Format Version 12.00
# Visual Studio Version 16
VisualStudioVersion = 16.0.30114.105
MinimumVisualStudioVersion = 10.0.40219.1
Project("{9A19103F-16F7-4668-BE54-9A1E7A4F7556}") = "ATEK.Domain", "ATEK.Domain\ATEK.Domain.csproj", "{70790EB2-1F37-4F54-830F-D15971D8AD33}"
EndProject
Project("{9A19103F-16F7-4668-BE54-9A1E7A4F7556}") = "ATEK.Data", "ATEK.Data\ATEK.Data.csproj", "{A56500FD-1779-4227-AABD-48A653A795E9}"
EndProject
Project("{FAE04EC0-301F-11D3-BF4B-00C04F79EFBC}") = "ATEK.AccessControl_2", "ATEK.AccessControl_2\ATEK.AccessControl_2.csproj", "{685A432C-A8FD-44A4-A919-112C959C2FF5}"
EndProject
Global
	GlobalSection(SolutionConfigurationPlatforms) = preSolution
		Debug|Any CPU = Debug|Any CPU
		Release|Any CPU = Release|Any CPU
	EndGlobalSection
	GlobalSection(ProjectConfigurationPlatforms) = postSolution
		{70790EB2-1F37-4F54-830F-D15971D8AD33}.Debug|Any CPU.ActiveCfg = Debug|Any CPU
		{70790EB2-1F37-4F54-830F-D15971D8AD33}.Debug|Any CPU.Build.0 = Debug|Any CPU
		{70790EB2-1F37-4F54-830F-D15971D8AD33}.Release|Any CPU.ActiveCfg = Release|Any CPU
		{70790EB2-1F37-4F54-830F-D15971D8AD33}.Release|Any CPU.Build.0 = Release|Any CPU
		{A56500FD-1779-4227-AABD-48A653A795E9}.Debug|Any CPU.ActiveCfg = Debug|Any CPU
		{A56500FD-1779-4227-AABD-48A653A795E9}.Debug|Any CPU.Build.0 = Debug|Any CPU
		{A56500FD-1779-4227-AABD-48A653A795E9}.Release|Any CPU.ActiveCfg = Release|Any CPU
		{A56500FD-1779-4227-AABD-48A653A795E9}.Release|Any CPU.Build.0 = Release|Any CPU
		{685A432C-A8FD-44A4-A919-112C959C2FF5}.Debug|Any CPU.ActiveCfg = Debug|Any CPU
		{685A432C-A8FD-44A4-A919-112C959C2FF5}.Debug|Any CPU.Build.0 = Debug|Any CPU
		{685A432C-A8FD-44A4-A919-112C959C2FF5}.Release|Any CPU.ActiveCfg = Release|Any CPU
		{685A432C-A8FD-44A4-A919-112C959C2FF5}.Release|Any CPU.Build.0 = Release|Any CPU
	EndGlobalSection
	GlobalSection(SolutionProperties) = preSolution
		HideSolutionNode = FALSE
	EndGlobalSection
	GlobalSection(ExtensibilityGlobals) = postSolution
		SolutionGuid = {DC93C157-84DE-4101-86C8-80E2A68A6231}
	EndGlobalSection
EndGlobal
